// !$*UTF8*$!
{
	archiveVersion = 1;
	classes = {
	};
	objectVersion = 48;
	objects = {

/* Begin PBXBuildFile section */
		D7D9ADBC200E286A00022CBD /* AppDelegate.m in Sources */ = {isa = PBXBuildFile; fileRef = D7D9ADBB200E286A00022CBD /* AppDelegate.m */; };
		D7D9ADBF200E286A00022CBD /* ViewController.m in Sources */ = {isa = PBXBuildFile; fileRef = D7D9ADBE200E286A00022CBD /* ViewController.m */; };
		D7D9ADC2200E286A00022CBD /* Main.storyboard in Resources */ = {isa = PBXBuildFile; fileRef = D7D9ADC0200E286A00022CBD /* Main.storyboard */; };
		D7D9ADC4200E286A00022CBD /* Assets.xcassets in Resources */ = {isa = PBXBuildFile; fileRef = D7D9ADC3200E286A00022CBD /* Assets.xcassets */; };
		D7D9ADC7200E286A00022CBD /* LaunchScreen.storyboard in Resources */ = {isa = PBXBuildFile; fileRef = D7D9ADC5200E286A00022CBD /* LaunchScreen.storyboard */; };
		D7D9ADCA200E286A00022CBD /* main.m in Sources */ = {isa = PBXBuildFile; fileRef = D7D9ADC9200E286A00022CBD /* main.m */; };
		D7D9ADD5200E2A2F00022CBD /* Slt.framework in Frameworks */ = {isa = PBXBuildFile; fileRef = D7D9ADD2200E2A2F00022CBD /* Slt.framework */; };
		D7D9ADD6200E2A2F00022CBD /* OpenEars.framework in Frameworks */ = {isa = PBXBuildFile; fileRef = D7D9ADD3200E2A2F00022CBD /* OpenEars.framework */; };
		D7D9ADD7200E2A2F00022CBD /* AcousticModelEnglish.bundle in Resources */ = {isa = PBXBuildFile; fileRef = D7D9ADD4200E2A2F00022CBD /* AcousticModelEnglish.bundle */; };
		D7D9ADDA200E2AA100022CBD /* AudioToolbox.framework in Frameworks */ = {isa = PBXBuildFile; fileRef = D7D9ADD9200E2AA100022CBD /* AudioToolbox.framework */; };
		D7D9ADDC200E2AA700022CBD /* AVFoundation.framework in Frameworks */ = {isa = PBXBuildFile; fileRef = D7D9ADDB200E2AA700022CBD /* AVFoundation.framework */; };
		D7D9ADDE200E369D00022CBD /* AcousticModelSpanish.bundle in Resources */ = {isa = PBXBuildFile; fileRef = D7D9ADDD200E369D00022CBD /* AcousticModelSpanish.bundle */; };
/* End PBXBuildFile section */

/* Begin PBXFileReference section */
		D7D9ADB7200E286A00022CBD /* OpenEarsDemo.app */ = {isa = PBXFileReference; explicitFileType = wrapper.application; includeInIndex = 0; path = OpenEarsDemo.app; sourceTree = BUILT_PRODUCTS_DIR; };
		D7D9ADBA200E286A00022CBD /* AppDelegate.h */ = {isa = PBXFileReference; lastKnownFileType = sourcecode.c.h; path = AppDelegate.h; sourceTree = "<group>"; };
		D7D9ADBB200E286A00022CBD /* AppDelegate.m */ = {isa = PBXFileReference; lastKnownFileType = sourcecode.c.objc; path = AppDelegate.m; sourceTree = "<group>"; };
		D7D9ADBD200E286A00022CBD /* ViewController.h */ = {isa = PBXFileReference; lastKnownFileType = sourcecode.c.h; path = ViewController.h; sourceTree = "<group>"; };
		D7D9ADBE200E286A00022CBD /* ViewController.m */ = {isa = PBXFileReference; lastKnownFileType = sourcecode.c.objc; path = ViewController.m; sourceTree = "<group>"; };
		D7D9ADC1200E286A00022CBD /* Base */ = {isa = PBXFileReference; lastKnownFileType = file.storyboard; name = Base; path = Base.lproj/Main.storyboard; sourceTree = "<group>"; };
		D7D9ADC3200E286A00022CBD /* Assets.xcassets */ = {isa = PBXFileReference; lastKnownFileType = folder.assetcatalog; path = Assets.xcassets; sourceTree = "<group>"; };
		D7D9ADC6200E286A00022CBD /* Base */ = {isa = PBXFileReference; lastKnownFileType = file.storyboard; name = Base; path = Base.lproj/LaunchScreen.storyboard; sourceTree = "<group>"; };
		D7D9ADC8200E286A00022CBD /* Info.plist */ = {isa = PBXFileReference; lastKnownFileType = text.plist.xml; path = Info.plist; sourceTree = "<group>"; };
		D7D9ADC9200E286A00022CBD /* main.m */ = {isa = PBXFileReference; lastKnownFileType = sourcecode.c.objc; path = main.m; sourceTree = "<group>"; };
		D7D9ADD2200E2A2F00022CBD /* Slt.framework */ = {isa = PBXFileReference; lastKnownFileType = wrapper.framework; path = Slt.framework; sourceTree = "<group>"; };
		D7D9ADD3200E2A2F00022CBD /* OpenEars.framework */ = {isa = PBXFileReference; lastKnownFileType = wrapper.framework; path = OpenEars.framework; sourceTree = "<group>"; };
		D7D9ADD4200E2A2F00022CBD /* AcousticModelEnglish.bundle */ = {isa = PBXFileReference; lastKnownFileType = "wrapper.plug-in"; path = AcousticModelEnglish.bundle; sourceTree = "<group>"; };
		D7D9ADD9200E2AA100022CBD /* AudioToolbox.framework */ = {isa = PBXFileReference; lastKnownFileType = wrapper.framework; name = AudioToolbox.framework; path = System/Library/Frameworks/AudioToolbox.framework; sourceTree = SDKROOT; };
		D7D9ADDB200E2AA700022CBD /* AVFoundation.framework */ = {isa = PBXFileReference; lastKnownFileType = wrapper.framework; name = AVFoundation.framework; path = System/Library/Frameworks/AVFoundation.framework; sourceTree = SDKROOT; };
		D7D9ADDD200E369D00022CBD /* AcousticModelSpanish.bundle */ = {isa = PBXFileReference; lastKnownFileType = "wrapper.plug-in"; path = AcousticModelSpanish.bundle; sourceTree = "<group>"; };
/* End PBXFileReference section */

/* Begin PBXFrameworksBuildPhase section */
		D7D9ADB4200E286A00022CBD /* Frameworks */ = {
			isa = PBXFrameworksBuildPhase;
			buildActionMask = 2147483647;
			files = (
				D7D9ADDC200E2AA700022CBD /* AVFoundation.framework in Frameworks */,
				D7D9ADDA200E2AA100022CBD /* AudioToolbox.framework in Frameworks */,
				D7D9ADD5200E2A2F00022CBD /* Slt.framework in Frameworks */,
				D7D9ADD6200E2A2F00022CBD /* OpenEars.framework in Frameworks */,
			);
			runOnlyForDeploymentPostprocessing = 0;
		};
/* End PBXFrameworksBuildPhase section */

/* Begin PBXGroup section */
		D7D9ADAE200E286A00022CBD = {
			isa = PBXGroup;
			children = (
				D7D9ADB9200E286A00022CBD /* OpenEarsDemo */,
				D7D9ADB8200E286A00022CBD /* Products */,
				D7D9ADD8200E2AA100022CBD /* Frameworks */,
			);
			sourceTree = "<group>";
		};
		D7D9ADB8200E286A00022CBD /* Products */ = {
			isa = PBXGroup;
			children = (
				D7D9ADB7200E286A00022CBD /* OpenEarsDemo.app */,
			);
			name = Products;
			sourceTree = "<group>";
		};
		D7D9ADB9200E286A00022CBD /* OpenEarsDemo */ = {
			isa = PBXGroup;
			children = (
				D7D9ADD1200E2A2F00022CBD /* Framework */,
				D7D9ADBA200E286A00022CBD /* AppDelegate.h */,
				D7D9ADBB200E286A00022CBD /* AppDelegate.m */,
				D7D9ADBD200E286A00022CBD /* ViewController.h */,
				D7D9ADBE200E286A00022CBD /* ViewController.m */,
				D7D9ADC0200E286A00022CBD /* Main.storyboard */,
				D7D9ADC3200E286A00022CBD /* Assets.xcassets */,
				D7D9ADC5200E286A00022CBD /* LaunchScreen.storyboard */,
				D7D9ADC8200E286A00022CBD /* Info.plist */,
				D7D9ADC9200E286A00022CBD /* main.m */,
			);
			path = OpenEarsDemo;
			sourceTree = "<group>";
		};
		D7D9ADD1200E2A2F00022CBD /* Framework */ = {
			isa = PBXGroup;
			children = (
				D7D9ADDD200E369D00022CBD /* AcousticModelSpanish.bundle */,
				D7D9ADD2200E2A2F00022CBD /* Slt.framework */,
				D7D9ADD3200E2A2F00022CBD /* OpenEars.framework */,
				D7D9ADD4200E2A2F00022CBD /* AcousticModelEnglish.bundle */,
			);
			path = Framework;
			sourceTree = "<group>";
		};
		D7D9ADD8200E2AA100022CBD /* Frameworks */ = {
			isa = PBXGroup;
			children = (
				D7D9ADDB200E2AA700022CBD /* AVFoundation.framework */,
				D7D9ADD9200E2AA100022CBD /* AudioToolbox.framework */,
			);
			name = Frameworks;
			sourceTree = "<group>";
		};
/* End PBXGroup section */

/* Begin PBXNativeTarget section */
		D7D9ADB6200E286A00022CBD /* OpenEarsDemo */ = {
			isa = PBXNativeTarget;
			buildConfigurationList = D7D9ADCD200E286A00022CBD /* Build configuration list for PBXNativeTarget "OpenEarsDemo" */;
			buildPhases = (
				D7D9ADB3200E286A00022CBD /* Sources */,
				D7D9ADB4200E286A00022CBD /* Frameworks */,
				D7D9ADB5200E286A00022CBD /* Resources */,
			);
			buildRules = (
			);
			dependencies = (
			);
			name = OpenEarsDemo;
			productName = OpenEarsDemo;
			productReference = D7D9ADB7200E286A00022CBD /* OpenEarsDemo.app */;
			productType = "com.apple.product-type.application";
		};
/* End PBXNativeTarget section */

/* Begin PBXProject section */
		D7D9ADAF200E286A00022CBD /* Project object */ = {
			isa = PBXProject;
			attributes = {
				LastUpgradeCheck = 0920;
				ORGANIZATIONNAME = Dev;
				TargetAttributes = {
					D7D9ADB6200E286A00022CBD = {
						CreatedOnToolsVersion = 9.2;
						ProvisioningStyle = Automatic;
						SystemCapabilities = {
							com.apple.BackgroundModes = {
								enabled = 1;
							};
						};
					};
				};
			};
			buildConfigurationList = D7D9ADB2200E286A00022CBD /* Build configuration list for PBXProject "OpenEarsDemo" */;
			compatibilityVersion = "Xcode 8.0";
			developmentRegion = en;
			hasScannedForEncodings = 0;
			knownRegions = (
				en,
				Base,
			);
			mainGroup = D7D9ADAE200E286A00022CBD;
			productRefGroup = D7D9ADB8200E286A00022CBD /* Products */;
			projectDirPath = "";
			projectRoot = "";
			targets = (
				D7D9ADB6200E286A00022CBD /* OpenEarsDemo */,
			);
		};
/* End PBXProject section */

/* Begin PBXResourcesBuildPhase section */
		D7D9ADB5200E286A00022CBD /* Resources */ = {
			isa = PBXResourcesBuildPhase;
			buildActionMask = 2147483647;
			files = (
				D7D9ADC7200E286A00022CBD /* LaunchScreen.storyboard in Resources */,
				D7D9ADDE200E369D00022CBD /* AcousticModelSpanish.bundle in Resources */,
				D7D9ADD7200E2A2F00022CBD /* AcousticModelEnglish.bundle in Resources */,
				D7D9ADC4200E286A00022CBD /* Assets.xcassets in Resources */,
				D7D9ADC2200E286A00022CBD /* Main.storyboard in Resources */,
			);
			runOnlyForDeploymentPostprocessing = 0;
		};
/* End PBXResourcesBuildPhase section */

/* Begin PBXSourcesBuildPhase section */
		D7D9ADB3200E286A00022CBD /* Sources */ = {
			isa = PBXSourcesBuildPhase;
			buildActionMask = 2147483647;
			files = (
				D7D9ADBF200E286A00022CBD /* ViewController.m in Sources */,
				D7D9ADCA200E286A00022CBD /* main.m in Sources */,
				D7D9ADBC200E286A00022CBD /* AppDelegate.m in Sources */,
			);
			runOnlyForDeploymentPostprocessing = 0;
		};
/* End PBXSourcesBuildPhase section */

/* Begin PBXVariantGroup section */
		D7D9ADC0200E286A00022CBD /* Main.storyboard */ = {
			isa = PBXVariantGroup;
			children = (
				D7D9ADC1200E286A00022CBD /* Base */,
			);
			name = Main.storyboard;
			sourceTree = "<group>";
		};
		D7D9ADC5200E286A00022CBD /* LaunchScreen.storyboard */ = {
			isa = PBXVariantGroup;
			children = (
				D7D9ADC6200E286A00022CBD /* Base */,
			);
			name = LaunchScreen.storyboard;
			sourceTree = "<group>";
		};
/* End PBXVariantGroup section */

/* Begin XCBuildConfiguration section */
		D7D9ADCB200E286A00022CBD /* Debug */ = {
			isa = XCBuildConfiguration;
			buildSettings = {
				ALWAYS_SEARCH_USER_PATHS = NO;
				CLANG_ANALYZER_NONNULL = YES;
				CLANG_ANALYZER_NUMBER_OBJECT_CONVERSION = YES_AGGRESSIVE;
				CLANG_CXX_LANGUAGE_STANDARD = "gnu++14";
				CLANG_CXX_LIBRARY = "libc++";
				CLANG_ENABLE_MODULES = YES;
				CLANG_ENABLE_OBJC_ARC = YES;
				CLANG_WARN_BLOCK_CAPTURE_AUTORELEASING = YES;
				CLANG_WARN_BOOL_CONVERSION = YES;
				CLANG_WARN_COMMA = YES;
				CLANG_WARN_CONSTANT_CONVERSION = YES;
				CLANG_WARN_DIRECT_OBJC_ISA_USAGE = YES_ERROR;
				CLANG_WARN_DOCUMENTATION_COMMENTS = YES;
				CLANG_WARN_EMPTY_BODY = YES;
				CLANG_WARN_ENUM_CONVERSION = YES;
				CLANG_WARN_INFINITE_RECURSION = YES;
				CLANG_WARN_INT_CONVERSION = YES;
				CLANG_WARN_NON_LITERAL_NULL_CONVERSION = YES;
				CLANG_WARN_OBJC_LITERAL_CONVERSION = YES;
				CLANG_WARN_OBJC_ROOT_CLASS = YES_ERROR;
				CLANG_WARN_RANGE_LOOP_ANALYSIS = YES;
				CLANG_WARN_STRICT_PROTOTYPES = YES;
				CLANG_WARN_SUSPICIOUS_MOVE = YES;
				CLANG_WARN_UNGUARDED_AVAILABILITY = YES_AGGRESSIVE;
				CLANG_WARN_UNREACHABLE_CODE = YES;
				CLANG_WARN__DUPLICATE_METHOD_MATCH = YES;
				CODE_SIGN_IDENTITY = "iPhone Developer";
				COPY_PHASE_STRIP = NO;
				DEBUG_INFORMATION_FORMAT = dwarf;
				ENABLE_STRICT_OBJC_MSGSEND = YES;
				ENABLE_TESTABILITY = YES;
				GCC_C_LANGUAGE_STANDARD = gnu11;
				GCC_DYNAMIC_NO_PIC = NO;
				GCC_NO_COMMON_BLOCKS = YES;
				GCC_OPTIMIZATION_LEVEL = 0;
				GCC_PREPROCESSOR_DEFINITIONS = (
					"DEBUG=1",
					"$(inherited)",
				);
				GCC_WARN_64_TO_32_BIT_CONVERSION = YES;
				GCC_WARN_ABOUT_RETURN_TYPE = YES_ERROR;
				GCC_WARN_UNDECLARED_SELECTOR = YES;
				GCC_WARN_UNINITIALIZED_AUTOS = YES_AGGRESSIVE;
				GCC_WARN_UNUSED_FUNCTION = YES;
				GCC_WARN_UNUSED_VARIABLE = YES;
				IPHONEOS_DEPLOYMENT_TARGET = 11.2;
				MTL_ENABLE_DEBUG_INFO = YES;
				ONLY_ACTIVE_ARCH = YES;
				SDKROOT = iphoneos;
			};
			name = Debug;
		};
		D7D9ADCC200E286A00022CBD /* Release */ = {
			isa = XCBuildConfiguration;
			buildSettings = {
				ALWAYS_SEARCH_USER_PATHS = NO;
				CLANG_ANALYZER_NONNULL = YES;
				CLANG_ANALYZER_NUMBER_OBJECT_CONVERSION = YES_AGGRESSIVE;
				CLANG_CXX_LANGUAGE_STANDARD = "gnu++14";
				CLANG_CXX_LIBRARY = "libc++";
				CLANG_ENABLE_MODULES = YES;
				CLANG_ENABLE_OBJC_ARC = YES;
				CLANG_WARN_BLOCK_CAPTURE_AUTORELEASING = YES;
				CLANG_WARN_BOOL_CONVERSION = YES;
				CLANG_WARN_COMMA = YES;
				CLANG_WARN_CONSTANT_CONVERSION = YES;
				CLANG_WARN_DIRECT_OBJC_ISA_USAGE = YES_ERROR;
				CLANG_WARN_DOCUMENTATION_COMMENTS = YES;
				CLANG_WARN_EMPTY_BODY = YES;
				CLANG_WARN_ENUM_CONVERSION = YES;
				CLANG_WARN_INFINITE_RECURSION = YES;
				CLANG_WARN_INT_CONVERSION = YES;
				CLANG_WARN_NON_LITERAL_NULL_CONVERSION = YES;
				CLANG_WARN_OBJC_LITERAL_CONVERSION = YES;
				CLANG_WARN_OBJC_ROOT_CLASS = YES_ERROR;
				CLANG_WARN_RANGE_LOOP_ANALYSIS = YES;
				CLANG_WARN_STRICT_PROTOTYPES = YES;
				CLANG_WARN_SUSPICIOUS_MOVE = YES;
				CLANG_WARN_UNGUARDED_AVAILABILITY = YES_AGGRESSIVE;
				CLANG_WARN_UNREACHABLE_CODE = YES;
				CLANG_WARN__DUPLICATE_METHOD_MATCH = YES;
				CODE_SIGN_IDENTITY = "iPhone Developer";
				COPY_PHASE_STRIP = NO;
				DEBUG_INFORMATION_FORMAT = "dwarf-with-dsym";
				ENABLE_NS_ASSERTIONS = NO;
				ENABLE_STRICT_OBJC_MSGSEND = YES;
				GCC_C_LANGUAGE_STANDARD = gnu11;
				GCC_NO_COMMON_BLOCKS = YES;
				GCC_WARN_64_TO_32_BIT_CONVERSION = YES;
				GCC_WARN_ABOUT_RETURN_TYPE = YES_ERROR;
				GCC_WARN_UNDECLARED_SELECTOR = YES;
				GCC_WARN_UNINITIALIZED_AUTOS = YES_AGGRESSIVE;
				GCC_WARN_UNUSED_FUNCTION = YES;
				GCC_WARN_UNUSED_VARIABLE = YES;
				IPHONEOS_DEPLOYMENT_TARGET = 11.2;
				MTL_ENABLE_DEBUG_INFO = NO;
				SDKROOT = iphoneos;
				VALIDATE_PRODUCT = YES;
			};
			name = Release;
		};
		D7D9ADCE200E286A00022CBD /* Debug */ = {
			isa = XCBuildConfiguration;
			buildSettings = {
				ASSETCATALOG_COMPILER_APPICON_NAME = AppIcon;
				CODE_SIGN_STYLE = Automatic;
				DEPLOYMENT_POSTPROCESSING = YES;
				DEVELOPMENT_TEAM = XY9H4LH9U8;
				ENABLE_BITCODE = NO;
				FRAMEWORK_SEARCH_PATHS = (
					"$(inherited)",
					"$(PROJECT_DIR)/OpenEarsDemo/Framework",
				);
				INFOPLIST_FILE = OpenEarsDemo/Info.plist;
				IPHONEOS_DEPLOYMENT_TARGET = 8.0;
				LD_RUNPATH_SEARCH_PATHS = "$(inherited) @executable_path/Frameworks";
				PRODUCT_BUNDLE_IDENTIFIER = dev.OpenEarsDemo;
				PRODUCT_NAME = "$(TARGET_NAME)";
				TARGETED_DEVICE_FAMILY = "1,2";
			};
			name = Debug;
		};
		D7D9ADCF200E286A00022CBD /* Release */ = {
			isa = XCBuildConfiguration;
			buildSettings = {
				ASSETCATALOG_COMPILER_APPICON_NAME = AppIcon;
				CODE_SIGN_STYLE = Automatic;
				DEPLOYMENT_POSTPROCESSING = YES;
				DEVELOPMENT_TEAM = XY9H4LH9U8;
				ENABLE_BITCODE = NO;
				FRAMEWORK_SEARCH_PATHS = (
					"$(inherited)",
					"$(PROJECT_DIR)/OpenEarsDemo/Framework",
				);
				INFOPLIST_FILE = OpenEarsDemo/Info.plist;
				IPHONEOS_DEPLOYMENT_TARGET = 8.0;
				LD_RUNPATH_SEARCH_PATHS = "$(inherited) @executable_path/Frameworks";
				PRODUCT_BUNDLE_IDENTIFIER = dev.OpenEarsDemo;
				PRODUCT_NAME = "$(TARGET_NAME)";
				TARGETED_DEVICE_FAMILY = "1,2";
			};
			name = Release;
		};
/* End XCBuildConfiguration section */

/* Begin XCConfigurationList section */
		D7D9ADB2200E286A00022CBD /* Build configuration list for PBXProject "OpenEarsDemo" */ = {
			isa = XCConfigurationList;
			buildConfigurations = (
				D7D9ADCB200E286A00022CBD /* Debug */,
				D7D9ADCC200E286A00022CBD /* Release */,
			);
			defaultConfigurationIsVisible = 0;
			defaultConfigurationName = Release;
		};
		D7D9ADCD200E286A00022CBD /* Build configuration list for PBXNativeTarget "OpenEarsDemo" */ = {
			isa = XCConfigurationList;
			buildConfigurations = (
				D7D9ADCE200E286A00022CBD /* Debug */,
				D7D9ADCF200E286A00022CBD /* Release */,
			);
			defaultConfigurationIsVisible = 0;
			defaultConfigurationName = Release;
		};
/* End XCConfigurationList section */
	};
	rootObject = D7D9ADAF200E286A00022CBD /* Project object */;
}
